// !$*UTF8*$!
{
	archiveVersion = 1;
	classes = {
	};
	objectVersion = 51;
	objects = {

/* Begin PBXBuildFile section */
		0B72459E244BA6A600F996B7 /* LoginViewController.swift in Sources */ = {isa = PBXBuildFile; fileRef = 0B72459D244BA6A600F996B7 /* LoginViewController.swift */; };
		0B7245A0244BA6BD00F996B7 /* FeedViewController.swift in Sources */ = {isa = PBXBuildFile; fileRef = 0B72459F244BA6BD00F996B7 /* FeedViewController.swift */; };
		0B7245A2244BABCB00F996B7 /* Assets.xcassets in Resources */ = {isa = PBXBuildFile; fileRef = 0B7245A1244BABCB00F996B7 /* Assets.xcassets */; };
		0B7245A4244BEAE800F996B7 /* EditProfileViewController.swift in Sources */ = {isa = PBXBuildFile; fileRef = 0B7245A3244BEAE800F996B7 /* EditProfileViewController.swift */; };
		0B84B045244BA0C0005D9E01 /* AppDelegate.swift in Sources */ = {isa = PBXBuildFile; fileRef = 0B84B044244BA0C0005D9E01 /* AppDelegate.swift */; };
		0B84B047244BA0C0005D9E01 /* SceneDelegate.swift in Sources */ = {isa = PBXBuildFile; fileRef = 0B84B046244BA0C0005D9E01 /* SceneDelegate.swift */; };
		0B84B04C244BA0C0005D9E01 /* Main.storyboard in Resources */ = {isa = PBXBuildFile; fileRef = 0B84B04A244BA0C0005D9E01 /* Main.storyboard */; };
		0B84B051244BA0C5005D9E01 /* LaunchScreen.storyboard in Resources */ = {isa = PBXBuildFile; fileRef = 0B84B04F244BA0C5005D9E01 /* LaunchScreen.storyboard */; };
		0B84B05C244BA0C6005D9E01 /* LinkedHouseTests.swift in Sources */ = {isa = PBXBuildFile; fileRef = 0B84B05B244BA0C6005D9E01 /* LinkedHouseTests.swift */; };
		0B84B067244BA0C6005D9E01 /* LinkedHouseUITests.swift in Sources */ = {isa = PBXBuildFile; fileRef = 0B84B066244BA0C6005D9E01 /* LinkedHouseUITests.swift */; };
		1FFF81F30285B36AEBDFECF0 /* Pods_LinkedHouseTests.framework in Frameworks */ = {isa = PBXBuildFile; fileRef = 5B86AE57F4007242602A77B2 /* Pods_LinkedHouseTests.framework */; };
		4DB2A32624554B9C0045AF27 /* NewPostViewController.swift in Sources */ = {isa = PBXBuildFile; fileRef = 4DB2A32524554B9C0045AF27 /* NewPostViewController.swift */; };
		8244B5733A57DF9FD72247B1 /* Pods_LinkedHouse_LinkedHouseUITests.framework in Frameworks */ = {isa = PBXBuildFile; fileRef = 0131D6A2DEFB553A73857964 /* Pods_LinkedHouse_LinkedHouseUITests.framework */; };
		EF78C00D61CEF1F4D6917015 /* Pods_LinkedHouse.framework in Frameworks */ = {isa = PBXBuildFile; fileRef = 1AE3F82CC85DF5CA300B287A /* Pods_LinkedHouse.framework */; };
/* End PBXBuildFile section */

/* Begin PBXContainerItemProxy section */
		0B84B058244BA0C6005D9E01 /* PBXContainerItemProxy */ = {
			isa = PBXContainerItemProxy;
			containerPortal = 0B84B039244BA0C0005D9E01 /* Project object */;
			proxyType = 1;
			remoteGlobalIDString = 0B84B040244BA0C0005D9E01;
			remoteInfo = LinkedHouse;
		};
		0B84B063244BA0C6005D9E01 /* PBXContainerItemProxy */ = {
			isa = PBXContainerItemProxy;
			containerPortal = 0B84B039244BA0C0005D9E01 /* Project object */;
			proxyType = 1;
			remoteGlobalIDString = 0B84B040244BA0C0005D9E01;
			remoteInfo = LinkedHouse;
		};
/* End PBXContainerItemProxy section */

/* Begin PBXFileReference section */
		0131D6A2DEFB553A73857964 /* Pods_LinkedHouse_LinkedHouseUITests.framework */ = {isa = PBXFileReference; explicitFileType = wrapper.framework; includeInIndex = 0; path = Pods_LinkedHouse_LinkedHouseUITests.framework; sourceTree = BUILT_PRODUCTS_DIR; };
		0B72459D244BA6A600F996B7 /* LoginViewController.swift */ = {isa = PBXFileReference; lastKnownFileType = sourcecode.swift; path = LoginViewController.swift; sourceTree = "<group>"; };
		0B72459F244BA6BD00F996B7 /* FeedViewController.swift */ = {isa = PBXFileReference; lastKnownFileType = sourcecode.swift; path = FeedViewController.swift; sourceTree = "<group>"; };
		0B7245A1244BABCB00F996B7 /* Assets.xcassets */ = {isa = PBXFileReference; lastKnownFileType = folder.assetcatalog; path = Assets.xcassets; sourceTree = "<group>"; };
		0B7245A3244BEAE800F996B7 /* EditProfileViewController.swift */ = {isa = PBXFileReference; lastKnownFileType = sourcecode.swift; path = EditProfileViewController.swift; sourceTree = "<group>"; };
		0B84B041244BA0C0005D9E01 /* LinkedHouse.app */ = {isa = PBXFileReference; explicitFileType = wrapper.application; includeInIndex = 0; path = LinkedHouse.app; sourceTree = BUILT_PRODUCTS_DIR; };
		0B84B044244BA0C0005D9E01 /* AppDelegate.swift */ = {isa = PBXFileReference; lastKnownFileType = sourcecode.swift; path = AppDelegate.swift; sourceTree = "<group>"; };
		0B84B046244BA0C0005D9E01 /* SceneDelegate.swift */ = {isa = PBXFileReference; lastKnownFileType = sourcecode.swift; path = SceneDelegate.swift; sourceTree = "<group>"; };
		0B84B04B244BA0C0005D9E01 /* Base */ = {isa = PBXFileReference; lastKnownFileType = file.storyboard; name = Base; path = Base.lproj/Main.storyboard; sourceTree = "<group>"; };
		0B84B050244BA0C5005D9E01 /* Base */ = {isa = PBXFileReference; lastKnownFileType = file.storyboard; name = Base; path = Base.lproj/LaunchScreen.storyboard; sourceTree = "<group>"; };
		0B84B052244BA0C5005D9E01 /* Info.plist */ = {isa = PBXFileReference; lastKnownFileType = text.plist.xml; path = Info.plist; sourceTree = "<group>"; };
		0B84B057244BA0C6005D9E01 /* LinkedHouseTests.xctest */ = {isa = PBXFileReference; explicitFileType = wrapper.cfbundle; includeInIndex = 0; path = LinkedHouseTests.xctest; sourceTree = BUILT_PRODUCTS_DIR; };
		0B84B05B244BA0C6005D9E01 /* LinkedHouseTests.swift */ = {isa = PBXFileReference; lastKnownFileType = sourcecode.swift; path = LinkedHouseTests.swift; sourceTree = "<group>"; };
		0B84B05D244BA0C6005D9E01 /* Info.plist */ = {isa = PBXFileReference; lastKnownFileType = text.plist.xml; path = Info.plist; sourceTree = "<group>"; };
		0B84B062244BA0C6005D9E01 /* LinkedHouseUITests.xctest */ = {isa = PBXFileReference; explicitFileType = wrapper.cfbundle; includeInIndex = 0; path = LinkedHouseUITests.xctest; sourceTree = BUILT_PRODUCTS_DIR; };
		0B84B066244BA0C6005D9E01 /* LinkedHouseUITests.swift */ = {isa = PBXFileReference; lastKnownFileType = sourcecode.swift; path = LinkedHouseUITests.swift; sourceTree = "<group>"; };
		0B84B068244BA0C6005D9E01 /* Info.plist */ = {isa = PBXFileReference; lastKnownFileType = text.plist.xml; path = Info.plist; sourceTree = "<group>"; };
		1AE3F82CC85DF5CA300B287A /* Pods_LinkedHouse.framework */ = {isa = PBXFileReference; explicitFileType = wrapper.framework; includeInIndex = 0; path = Pods_LinkedHouse.framework; sourceTree = BUILT_PRODUCTS_DIR; };
		4DB2A32524554B9C0045AF27 /* NewPostViewController.swift */ = {isa = PBXFileReference; lastKnownFileType = sourcecode.swift; path = NewPostViewController.swift; sourceTree = "<group>"; };
		5B86AE57F4007242602A77B2 /* Pods_LinkedHouseTests.framework */ = {isa = PBXFileReference; explicitFileType = wrapper.framework; includeInIndex = 0; path = Pods_LinkedHouseTests.framework; sourceTree = BUILT_PRODUCTS_DIR; };
		7833B1815A09B5823223118C /* Pods-LinkedHouseTests.debug.xcconfig */ = {isa = PBXFileReference; includeInIndex = 1; lastKnownFileType = text.xcconfig; name = "Pods-LinkedHouseTests.debug.xcconfig"; path = "Target Support Files/Pods-LinkedHouseTests/Pods-LinkedHouseTests.debug.xcconfig"; sourceTree = "<group>"; };
		8F26C2ECC7B24507811BBC21 /* Pods-LinkedHouse.release.xcconfig */ = {isa = PBXFileReference; includeInIndex = 1; lastKnownFileType = text.xcconfig; name = "Pods-LinkedHouse.release.xcconfig"; path = "Target Support Files/Pods-LinkedHouse/Pods-LinkedHouse.release.xcconfig"; sourceTree = "<group>"; };
		C109D170917A5DD9B29BC3AF /* Pods-LinkedHouse.debug.xcconfig */ = {isa = PBXFileReference; includeInIndex = 1; lastKnownFileType = text.xcconfig; name = "Pods-LinkedHouse.debug.xcconfig"; path = "Target Support Files/Pods-LinkedHouse/Pods-LinkedHouse.debug.xcconfig"; sourceTree = "<group>"; };
		C407D277C0FDC91D26FC8492 /* Pods-LinkedHouse-LinkedHouseUITests.debug.xcconfig */ = {isa = PBXFileReference; includeInIndex = 1; lastKnownFileType = text.xcconfig; name = "Pods-LinkedHouse-LinkedHouseUITests.debug.xcconfig"; path = "Target Support Files/Pods-LinkedHouse-LinkedHouseUITests/Pods-LinkedHouse-LinkedHouseUITests.debug.xcconfig"; sourceTree = "<group>"; };
		DBEDEACAFF6616426ECA7A91 /* Pods-LinkedHouse-LinkedHouseUITests.release.xcconfig */ = {isa = PBXFileReference; includeInIndex = 1; lastKnownFileType = text.xcconfig; name = "Pods-LinkedHouse-LinkedHouseUITests.release.xcconfig"; path = "Target Support Files/Pods-LinkedHouse-LinkedHouseUITests/Pods-LinkedHouse-LinkedHouseUITests.release.xcconfig"; sourceTree = "<group>"; };
		F0CFD1299C7039A11EAD1142 /* Pods-LinkedHouseTests.release.xcconfig */ = {isa = PBXFileReference; includeInIndex = 1; lastKnownFileType = text.xcconfig; name = "Pods-LinkedHouseTests.release.xcconfig"; path = "Target Support Files/Pods-LinkedHouseTests/Pods-LinkedHouseTests.release.xcconfig"; sourceTree = "<group>"; };
/* End PBXFileReference section */

/* Begin PBXFrameworksBuildPhase section */
		0B84B03E244BA0C0005D9E01 /* Frameworks */ = {
			isa = PBXFrameworksBuildPhase;
			buildActionMask = 2147483647;
			files = (
				EF78C00D61CEF1F4D6917015 /* Pods_LinkedHouse.framework in Frameworks */,
			);
			runOnlyForDeploymentPostprocessing = 0;
		};
		0B84B054244BA0C6005D9E01 /* Frameworks */ = {
			isa = PBXFrameworksBuildPhase;
			buildActionMask = 2147483647;
			files = (
				1FFF81F30285B36AEBDFECF0 /* Pods_LinkedHouseTests.framework in Frameworks */,
			);
			runOnlyForDeploymentPostprocessing = 0;
		};
		0B84B05F244BA0C6005D9E01 /* Frameworks */ = {
			isa = PBXFrameworksBuildPhase;
			buildActionMask = 2147483647;
			files = (
				8244B5733A57DF9FD72247B1 /* Pods_LinkedHouse_LinkedHouseUITests.framework in Frameworks */,
			);
			runOnlyForDeploymentPostprocessing = 0;
		};
/* End PBXFrameworksBuildPhase section */

/* Begin PBXGroup section */
		0B84B038244BA0C0005D9E01 = {
			isa = PBXGroup;
			children = (
				0B84B043244BA0C0005D9E01 /* LinkedHouse */,
				0B84B05A244BA0C6005D9E01 /* LinkedHouseTests */,
				0B84B065244BA0C6005D9E01 /* LinkedHouseUITests */,
				0B84B042244BA0C0005D9E01 /* Products */,
				C48E4CFA9E4C68536AA43913 /* Pods */,
				5A357DCD650C37FA52778A4D /* Frameworks */,
			);
			sourceTree = "<group>";
		};
		0B84B042244BA0C0005D9E01 /* Products */ = {
			isa = PBXGroup;
			children = (
				0B84B041244BA0C0005D9E01 /* LinkedHouse.app */,
				0B84B057244BA0C6005D9E01 /* LinkedHouseTests.xctest */,
				0B84B062244BA0C6005D9E01 /* LinkedHouseUITests.xctest */,
			);
			name = Products;
			sourceTree = "<group>";
		};
		0B84B043244BA0C0005D9E01 /* LinkedHouse */ = {
			isa = PBXGroup;
			children = (
				0B84B044244BA0C0005D9E01 /* AppDelegate.swift */,
				0B84B046244BA0C0005D9E01 /* SceneDelegate.swift */,
				0B7245A1244BABCB00F996B7 /* Assets.xcassets */,
				0B84B04A244BA0C0005D9E01 /* Main.storyboard */,
				0B84B04F244BA0C5005D9E01 /* LaunchScreen.storyboard */,
				0B84B052244BA0C5005D9E01 /* Info.plist */,
				0B72459D244BA6A600F996B7 /* LoginViewController.swift */,
				0B72459F244BA6BD00F996B7 /* FeedViewController.swift */,
				0B7245A3244BEAE800F996B7 /* EditProfileViewController.swift */,
				4DB2A32524554B9C0045AF27 /* NewPostViewController.swift */,
			);
			path = LinkedHouse;
			sourceTree = "<group>";
		};
		0B84B05A244BA0C6005D9E01 /* LinkedHouseTests */ = {
			isa = PBXGroup;
			children = (
				0B84B05B244BA0C6005D9E01 /* LinkedHouseTests.swift */,
				0B84B05D244BA0C6005D9E01 /* Info.plist */,
			);
			path = LinkedHouseTests;
			sourceTree = "<group>";
		};
		0B84B065244BA0C6005D9E01 /* LinkedHouseUITests */ = {
			isa = PBXGroup;
			children = (
				0B84B066244BA0C6005D9E01 /* LinkedHouseUITests.swift */,
				0B84B068244BA0C6005D9E01 /* Info.plist */,
			);
			path = LinkedHouseUITests;
			sourceTree = "<group>";
		};
		5A357DCD650C37FA52778A4D /* Frameworks */ = {
			isa = PBXGroup;
			children = (
				1AE3F82CC85DF5CA300B287A /* Pods_LinkedHouse.framework */,
				0131D6A2DEFB553A73857964 /* Pods_LinkedHouse_LinkedHouseUITests.framework */,
				5B86AE57F4007242602A77B2 /* Pods_LinkedHouseTests.framework */,
			);
			name = Frameworks;
			sourceTree = "<group>";
		};
		C48E4CFA9E4C68536AA43913 /* Pods */ = {
			isa = PBXGroup;
			children = (
				C109D170917A5DD9B29BC3AF /* Pods-LinkedHouse.debug.xcconfig */,
				8F26C2ECC7B24507811BBC21 /* Pods-LinkedHouse.release.xcconfig */,
				C407D277C0FDC91D26FC8492 /* Pods-LinkedHouse-LinkedHouseUITests.debug.xcconfig */,
				DBEDEACAFF6616426ECA7A91 /* Pods-LinkedHouse-LinkedHouseUITests.release.xcconfig */,
				7833B1815A09B5823223118C /* Pods-LinkedHouseTests.debug.xcconfig */,
				F0CFD1299C7039A11EAD1142 /* Pods-LinkedHouseTests.release.xcconfig */,
			);
			path = Pods;
			sourceTree = "<group>";
		};
/* End PBXGroup section */

/* Begin PBXNativeTarget section */
		0B84B040244BA0C0005D9E01 /* LinkedHouse */ = {
			isa = PBXNativeTarget;
			buildConfigurationList = 0B84B06B244BA0C6005D9E01 /* Build configuration list for PBXNativeTarget "LinkedHouse" */;
			buildPhases = (
				7CB0E2108BD9F4E2B607F01D /* [CP] Check Pods Manifest.lock */,
				0B84B03D244BA0C0005D9E01 /* Sources */,
				0B84B03E244BA0C0005D9E01 /* Frameworks */,
				0B84B03F244BA0C0005D9E01 /* Resources */,
				C79E649A7AC2624AE641D66E /* [CP] Embed Pods Frameworks */,
			);
			buildRules = (
			);
			dependencies = (
			);
			name = LinkedHouse;
			productName = LinkedHouse;
			productReference = 0B84B041244BA0C0005D9E01 /* LinkedHouse.app */;
			productType = "com.apple.product-type.application";
		};
		0B84B056244BA0C6005D9E01 /* LinkedHouseTests */ = {
			isa = PBXNativeTarget;
			buildConfigurationList = 0B84B06E244BA0C6005D9E01 /* Build configuration list for PBXNativeTarget "LinkedHouseTests" */;
			buildPhases = (
				B63E8613169B674A9A65D32B /* [CP] Check Pods Manifest.lock */,
				0B84B053244BA0C6005D9E01 /* Sources */,
				0B84B054244BA0C6005D9E01 /* Frameworks */,
				0B84B055244BA0C6005D9E01 /* Resources */,
			);
			buildRules = (
			);
			dependencies = (
				0B84B059244BA0C6005D9E01 /* PBXTargetDependency */,
			);
			name = LinkedHouseTests;
			productName = LinkedHouseTests;
			productReference = 0B84B057244BA0C6005D9E01 /* LinkedHouseTests.xctest */;
			productType = "com.apple.product-type.bundle.unit-test";
		};
		0B84B061244BA0C6005D9E01 /* LinkedHouseUITests */ = {
			isa = PBXNativeTarget;
			buildConfigurationList = 0B84B071244BA0C6005D9E01 /* Build configuration list for PBXNativeTarget "LinkedHouseUITests" */;
			buildPhases = (
				B91F5C14888489A5B652CBBC /* [CP] Check Pods Manifest.lock */,
				0B84B05E244BA0C6005D9E01 /* Sources */,
				0B84B05F244BA0C6005D9E01 /* Frameworks */,
				0B84B060244BA0C6005D9E01 /* Resources */,
				E2406321F33DD728BD99D572 /* [CP] Embed Pods Frameworks */,
			);
			buildRules = (
			);
			dependencies = (
				0B84B064244BA0C6005D9E01 /* PBXTargetDependency */,
			);
			name = LinkedHouseUITests;
			productName = LinkedHouseUITests;
			productReference = 0B84B062244BA0C6005D9E01 /* LinkedHouseUITests.xctest */;
			productType = "com.apple.product-type.bundle.ui-testing";
		};
/* End PBXNativeTarget section */

/* Begin PBXProject section */
		0B84B039244BA0C0005D9E01 /* Project object */ = {
			isa = PBXProject;
			attributes = {
				LastSwiftUpdateCheck = 1130;
				LastUpgradeCheck = 1130;
				ORGANIZATIONNAME = angela;
				TargetAttributes = {
					0B84B040244BA0C0005D9E01 = {
						CreatedOnToolsVersion = 11.3.1;
					};
					0B84B056244BA0C6005D9E01 = {
						CreatedOnToolsVersion = 11.3.1;
						TestTargetID = 0B84B040244BA0C0005D9E01;
					};
					0B84B061244BA0C6005D9E01 = {
						CreatedOnToolsVersion = 11.3.1;
						TestTargetID = 0B84B040244BA0C0005D9E01;
					};
				};
			};
			buildConfigurationList = 0B84B03C244BA0C0005D9E01 /* Build configuration list for PBXProject "LinkedHouse" */;
			compatibilityVersion = "Xcode 9.3";
			developmentRegion = en;
			hasScannedForEncodings = 0;
			knownRegions = (
				en,
				Base,
			);
			mainGroup = 0B84B038244BA0C0005D9E01;
			productRefGroup = 0B84B042244BA0C0005D9E01 /* Products */;
			projectDirPath = "";
			projectRoot = "";
			targets = (
				0B84B040244BA0C0005D9E01 /* LinkedHouse */,
				0B84B056244BA0C6005D9E01 /* LinkedHouseTests */,
				0B84B061244BA0C6005D9E01 /* LinkedHouseUITests */,
			);
		};
/* End PBXProject section */

/* Begin PBXResourcesBuildPhase section */
		0B84B03F244BA0C0005D9E01 /* Resources */ = {
			isa = PBXResourcesBuildPhase;
			buildActionMask = 2147483647;
			files = (
				0B84B051244BA0C5005D9E01 /* LaunchScreen.storyboard in Resources */,
				0B7245A2244BABCB00F996B7 /* Assets.xcassets in Resources */,
				0B84B04C244BA0C0005D9E01 /* Main.storyboard in Resources */,
			);
			runOnlyForDeploymentPostprocessing = 0;
		};
		0B84B055244BA0C6005D9E01 /* Resources */ = {
			isa = PBXResourcesBuildPhase;
			buildActionMask = 2147483647;
			files = (
			);
			runOnlyForDeploymentPostprocessing = 0;
		};
		0B84B060244BA0C6005D9E01 /* Resources */ = {
			isa = PBXResourcesBuildPhase;
			buildActionMask = 2147483647;
			files = (
			);
			runOnlyForDeploymentPostprocessing = 0;
		};
/* End PBXResourcesBuildPhase section */

/* Begin PBXShellScriptBuildPhase section */
		7CB0E2108BD9F4E2B607F01D /* [CP] Check Pods Manifest.lock */ = {
			isa = PBXShellScriptBuildPhase;
			buildActionMask = 2147483647;
			files = (
			);
			inputFileListPaths = (
			);
			inputPaths = (
				"${PODS_PODFILE_DIR_PATH}/Podfile.lock",
				"${PODS_ROOT}/Manifest.lock",
			);
			name = "[CP] Check Pods Manifest.lock";
			outputFileListPaths = (
			);
			outputPaths = (
				"$(DERIVED_FILE_DIR)/Pods-LinkedHouse-checkManifestLockResult.txt",
			);
			runOnlyForDeploymentPostprocessing = 0;
			shellPath = /bin/sh;
			shellScript = "diff \"${PODS_PODFILE_DIR_PATH}/Podfile.lock\" \"${PODS_ROOT}/Manifest.lock\" > /dev/null\nif [ $? != 0 ] ; then\n    # print error to STDERR\n    echo \"error: The sandbox is not in sync with the Podfile.lock. Run 'pod install' or update your CocoaPods installation.\" >&2\n    exit 1\nfi\n# This output is used by Xcode 'outputs' to avoid re-running this script phase.\necho \"SUCCESS\" > \"${SCRIPT_OUTPUT_FILE_0}\"\n";
			showEnvVarsInLog = 0;
		};
		B63E8613169B674A9A65D32B /* [CP] Check Pods Manifest.lock */ = {
			isa = PBXShellScriptBuildPhase;
			buildActionMask = 2147483647;
			files = (
			);
			inputFileListPaths = (
			);
			inputPaths = (
				"${PODS_PODFILE_DIR_PATH}/Podfile.lock",
				"${PODS_ROOT}/Manifest.lock",
			);
			name = "[CP] Check Pods Manifest.lock";
			outputFileListPaths = (
			);
			outputPaths = (
				"$(DERIVED_FILE_DIR)/Pods-LinkedHouseTests-checkManifestLockResult.txt",
			);
			runOnlyForDeploymentPostprocessing = 0;
			shellPath = /bin/sh;
			shellScript = "diff \"${PODS_PODFILE_DIR_PATH}/Podfile.lock\" \"${PODS_ROOT}/Manifest.lock\" > /dev/null\nif [ $? != 0 ] ; then\n    # print error to STDERR\n    echo \"error: The sandbox is not in sync with the Podfile.lock. Run 'pod install' or update your CocoaPods installation.\" >&2\n    exit 1\nfi\n# This output is used by Xcode 'outputs' to avoid re-running this script phase.\necho \"SUCCESS\" > \"${SCRIPT_OUTPUT_FILE_0}\"\n";
			showEnvVarsInLog = 0;
		};
		B91F5C14888489A5B652CBBC /* [CP] Check Pods Manifest.lock */ = {
			isa = PBXShellScriptBuildPhase;
			buildActionMask = 2147483647;
			files = (
			);
			inputFileListPaths = (
			);
			inputPaths = (
				"${PODS_PODFILE_DIR_PATH}/Podfile.lock",
				"${PODS_ROOT}/Manifest.lock",
			);
			name = "[CP] Check Pods Manifest.lock";
			outputFileListPaths = (
			);
			outputPaths = (
				"$(DERIVED_FILE_DIR)/Pods-LinkedHouse-LinkedHouseUITests-checkManifestLockResult.txt",
			);
			runOnlyForDeploymentPostprocessing = 0;
			shellPath = /bin/sh;
			shellScript = "diff \"${PODS_PODFILE_DIR_PATH}/Podfile.lock\" \"${PODS_ROOT}/Manifest.lock\" > /dev/null\nif [ $? != 0 ] ; then\n    # print error to STDERR\n    echo \"error: The sandbox is not in sync with the Podfile.lock. Run 'pod install' or update your CocoaPods installation.\" >&2\n    exit 1\nfi\n# This output is used by Xcode 'outputs' to avoid re-running this script phase.\necho \"SUCCESS\" > \"${SCRIPT_OUTPUT_FILE_0}\"\n";
			showEnvVarsInLog = 0;
		};
		C79E649A7AC2624AE641D66E /* [CP] Embed Pods Frameworks */ = {
			isa = PBXShellScriptBuildPhase;
			buildActionMask = 2147483647;
			files = (
			);
			inputFileListPaths = (
				"${PODS_ROOT}/Target Support Files/Pods-LinkedHouse/Pods-LinkedHouse-frameworks-${CONFIGURATION}-input-files.xcfilelist",
			);
			name = "[CP] Embed Pods Frameworks";
			outputFileListPaths = (
				"${PODS_ROOT}/Target Support Files/Pods-LinkedHouse/Pods-LinkedHouse-frameworks-${CONFIGURATION}-output-files.xcfilelist",
			);
			runOnlyForDeploymentPostprocessing = 0;
			shellPath = /bin/sh;
			shellScript = "\"${PODS_ROOT}/Target Support Files/Pods-LinkedHouse/Pods-LinkedHouse-frameworks.sh\"\n";
			showEnvVarsInLog = 0;
		};
		E2406321F33DD728BD99D572 /* [CP] Embed Pods Frameworks */ = {
			isa = PBXShellScriptBuildPhase;
			buildActionMask = 2147483647;
			files = (
			);
			inputFileListPaths = (
				"${PODS_ROOT}/Target Support Files/Pods-LinkedHouse-LinkedHouseUITests/Pods-LinkedHouse-LinkedHouseUITests-frameworks-${CONFIGURATION}-input-files.xcfilelist",
			);
			name = "[CP] Embed Pods Frameworks";
			outputFileListPaths = (
				"${PODS_ROOT}/Target Support Files/Pods-LinkedHouse-LinkedHouseUITests/Pods-LinkedHouse-LinkedHouseUITests-frameworks-${CONFIGURATION}-output-files.xcfilelist",
			);
			runOnlyForDeploymentPostprocessing = 0;
			shellPath = /bin/sh;
			shellScript = "\"${PODS_ROOT}/Target Support Files/Pods-LinkedHouse-LinkedHouseUITests/Pods-LinkedHouse-LinkedHouseUITests-frameworks.sh\"\n";
			showEnvVarsInLog = 0;
		};
/* End PBXShellScriptBuildPhase section */

/* Begin PBXSourcesBuildPhase section */
		0B84B03D244BA0C0005D9E01 /* Sources */ = {
			isa = PBXSourcesBuildPhase;
			buildActionMask = 2147483647;
			files = (
				0B72459E244BA6A600F996B7 /* LoginViewController.swift in Sources */,
				0B84B045244BA0C0005D9E01 /* AppDelegate.swift in Sources */,
				0B7245A0244BA6BD00F996B7 /* FeedViewController.swift in Sources */,
				0B7245A4244BEAE800F996B7 /* EditProfileViewController.swift in Sources */,
				0B84B047244BA0C0005D9E01 /* SceneDelegate.swift in Sources */,
				4DB2A32624554B9C0045AF27 /* NewPostViewController.swift in Sources */,
			);
			runOnlyForDeploymentPostprocessing = 0;
		};
		0B84B053244BA0C6005D9E01 /* Sources */ = {
			isa = PBXSourcesBuildPhase;
			buildActionMask = 2147483647;
			files = (
				0B84B05C244BA0C6005D9E01 /* LinkedHouseTests.swift in Sources */,
			);
			runOnlyForDeploymentPostprocessing = 0;
		};
		0B84B05E244BA0C6005D9E01 /* Sources */ = {
			isa = PBXSourcesBuildPhase;
			buildActionMask = 2147483647;
			files = (
				0B84B067244BA0C6005D9E01 /* LinkedHouseUITests.swift in Sources */,
			);
			runOnlyForDeploymentPostprocessing = 0;
		};
/* End PBXSourcesBuildPhase section */

/* Begin PBXTargetDependency section */
		0B84B059244BA0C6005D9E01 /* PBXTargetDependency */ = {
			isa = PBXTargetDependency;
			target = 0B84B040244BA0C0005D9E01 /* LinkedHouse */;
			targetProxy = 0B84B058244BA0C6005D9E01 /* PBXContainerItemProxy */;
		};
		0B84B064244BA0C6005D9E01 /* PBXTargetDependency */ = {
			isa = PBXTargetDependency;
			target = 0B84B040244BA0C0005D9E01 /* LinkedHouse */;
			targetProxy = 0B84B063244BA0C6005D9E01 /* PBXContainerItemProxy */;
		};
/* End PBXTargetDependency section */

/* Begin PBXVariantGroup section */
		0B84B04A244BA0C0005D9E01 /* Main.storyboard */ = {
			isa = PBXVariantGroup;
			children = (
				0B84B04B244BA0C0005D9E01 /* Base */,
			);
			name = Main.storyboard;
			sourceTree = "<group>";
		};
		0B84B04F244BA0C5005D9E01 /* LaunchScreen.storyboard */ = {
			isa = PBXVariantGroup;
			children = (
				0B84B050244BA0C5005D9E01 /* Base */,
			);
			name = LaunchScreen.storyboard;
			sourceTree = "<group>";
		};
/* End PBXVariantGroup section */

/* Begin XCBuildConfiguration section */
		0B84B069244BA0C6005D9E01 /* Debug */ = {
			isa = XCBuildConfiguration;
			buildSettings = {
				ALWAYS_SEARCH_USER_PATHS = NO;
				CLANG_ANALYZER_NONNULL = YES;
				CLANG_ANALYZER_NUMBER_OBJECT_CONVERSION = YES_AGGRESSIVE;
				CLANG_CXX_LANGUAGE_STANDARD = "gnu++14";
				CLANG_CXX_LIBRARY = "libc++";
				CLANG_ENABLE_MODULES = YES;
				CLANG_ENABLE_OBJC_ARC = YES;
				CLANG_ENABLE_OBJC_WEAK = YES;
				CLANG_WARN_BLOCK_CAPTURE_AUTORELEASING = YES;
				CLANG_WARN_BOOL_CONVERSION = YES;
				CLANG_WARN_COMMA = YES;
				CLANG_WARN_CONSTANT_CONVERSION = YES;
				CLANG_WARN_DEPRECATED_OBJC_IMPLEMENTATIONS = YES;
				CLANG_WARN_DIRECT_OBJC_ISA_USAGE = YES_ERROR;
				CLANG_WARN_DOCUMENTATION_COMMENTS = YES;
				CLANG_WARN_EMPTY_BODY = YES;
				CLANG_WARN_ENUM_CONVERSION = YES;
				CLANG_WARN_INFINITE_RECURSION = YES;
				CLANG_WARN_INT_CONVERSION = YES;
				CLANG_WARN_NON_LITERAL_NULL_CONVERSION = YES;
				CLANG_WARN_OBJC_IMPLICIT_RETAIN_SELF = YES;
				CLANG_WARN_OBJC_LITERAL_CONVERSION = YES;
				CLANG_WARN_OBJC_ROOT_CLASS = YES_ERROR;
				CLANG_WARN_RANGE_LOOP_ANALYSIS = YES;
				CLANG_WARN_STRICT_PROTOTYPES = YES;
				CLANG_WARN_SUSPICIOUS_MOVE = YES;
				CLANG_WARN_UNGUARDED_AVAILABILITY = YES_AGGRESSIVE;
				CLANG_WARN_UNREACHABLE_CODE = YES;
				CLANG_WARN__DUPLICATE_METHOD_MATCH = YES;
				COPY_PHASE_STRIP = NO;
				DEBUG_INFORMATION_FORMAT = dwarf;
				ENABLE_STRICT_OBJC_MSGSEND = YES;
				ENABLE_TESTABILITY = YES;
				GCC_C_LANGUAGE_STANDARD = gnu11;
				GCC_DYNAMIC_NO_PIC = NO;
				GCC_NO_COMMON_BLOCKS = YES;
				GCC_OPTIMIZATION_LEVEL = 0;
				GCC_PREPROCESSOR_DEFINITIONS = (
					"DEBUG=1",
					"$(inherited)",
				);
				GCC_WARN_64_TO_32_BIT_CONVERSION = YES;
				GCC_WARN_ABOUT_RETURN_TYPE = YES_ERROR;
				GCC_WARN_UNDECLARED_SELECTOR = YES;
				GCC_WARN_UNINITIALIZED_AUTOS = YES_AGGRESSIVE;
				GCC_WARN_UNUSED_FUNCTION = YES;
				GCC_WARN_UNUSED_VARIABLE = YES;
				IPHONEOS_DEPLOYMENT_TARGET = 13.2;
				MTL_ENABLE_DEBUG_INFO = INCLUDE_SOURCE;
				MTL_FAST_MATH = YES;
				ONLY_ACTIVE_ARCH = YES;
				SDKROOT = iphoneos;
				SWIFT_ACTIVE_COMPILATION_CONDITIONS = DEBUG;
				SWIFT_OPTIMIZATION_LEVEL = "-Onone";
			};
			name = Debug;
		};
		0B84B06A244BA0C6005D9E01 /* Release */ = {
			isa = XCBuildConfiguration;
			buildSettings = {
				ALWAYS_SEARCH_USER_PATHS = NO;
				CLANG_ANALYZER_NONNULL = YES;
				CLANG_ANALYZER_NUMBER_OBJECT_CONVERSION = YES_AGGRESSIVE;
				CLANG_CXX_LANGUAGE_STANDARD = "gnu++14";
				CLANG_CXX_LIBRARY = "libc++";
				CLANG_ENABLE_MODULES = YES;
				CLANG_ENABLE_OBJC_ARC = YES;
				CLANG_ENABLE_OBJC_WEAK = YES;
				CLANG_WARN_BLOCK_CAPTURE_AUTORELEASING = YES;
				CLANG_WARN_BOOL_CONVERSION = YES;
				CLANG_WARN_COMMA = YES;
				CLANG_WARN_CONSTANT_CONVERSION = YES;
				CLANG_WARN_DEPRECATED_OBJC_IMPLEMENTATIONS = YES;
				CLANG_WARN_DIRECT_OBJC_ISA_USAGE = YES_ERROR;
				CLANG_WARN_DOCUMENTATION_COMMENTS = YES;
				CLANG_WARN_EMPTY_BODY = YES;
				CLANG_WARN_ENUM_CONVERSION = YES;
				CLANG_WARN_INFINITE_RECURSION = YES;
				CLANG_WARN_INT_CONVERSION = YES;
				CLANG_WARN_NON_LITERAL_NULL_CONVERSION = YES;
				CLANG_WARN_OBJC_IMPLICIT_RETAIN_SELF = YES;
				CLANG_WARN_OBJC_LITERAL_CONVERSION = YES;
				CLANG_WARN_OBJC_ROOT_CLASS = YES_ERROR;
				CLANG_WARN_RANGE_LOOP_ANALYSIS = YES;
				CLANG_WARN_STRICT_PROTOTYPES = YES;
				CLANG_WARN_SUSPICIOUS_MOVE = YES;
				CLANG_WARN_UNGUARDED_AVAILABILITY = YES_AGGRESSIVE;
				CLANG_WARN_UNREACHABLE_CODE = YES;
				CLANG_WARN__DUPLICATE_METHOD_MATCH = YES;
				COPY_PHASE_STRIP = NO;
				DEBUG_INFORMATION_FORMAT = "dwarf-with-dsym";
				ENABLE_NS_ASSERTIONS = NO;
				ENABLE_STRICT_OBJC_MSGSEND = YES;
				GCC_C_LANGUAGE_STANDARD = gnu11;
				GCC_NO_COMMON_BLOCKS = YES;
				GCC_WARN_64_TO_32_BIT_CONVERSION = YES;
				GCC_WARN_ABOUT_RETURN_TYPE = YES_ERROR;
				GCC_WARN_UNDECLARED_SELECTOR = YES;
				GCC_WARN_UNINITIALIZED_AUTOS = YES_AGGRESSIVE;
				GCC_WARN_UNUSED_FUNCTION = YES;
				GCC_WARN_UNUSED_VARIABLE = YES;
				IPHONEOS_DEPLOYMENT_TARGET = 13.2;
				MTL_ENABLE_DEBUG_INFO = NO;
				MTL_FAST_MATH = YES;
				SDKROOT = iphoneos;
				SWIFT_COMPILATION_MODE = wholemodule;
				SWIFT_OPTIMIZATION_LEVEL = "-O";
				VALIDATE_PRODUCT = YES;
			};
			name = Release;
		};
		0B84B06C244BA0C6005D9E01 /* Debug */ = {
			isa = XCBuildConfiguration;
			baseConfigurationReference = C109D170917A5DD9B29BC3AF /* Pods-LinkedHouse.debug.xcconfig */;
			buildSettings = {
				ASSETCATALOG_COMPILER_APPICON_NAME = AppIcon;
				CODE_SIGN_STYLE = Automatic;
				INFOPLIST_FILE = LinkedHouse/Info.plist;
				LD_RUNPATH_SEARCH_PATHS = (
					"$(inherited)",
					"@executable_path/Frameworks",
				);
				PRODUCT_BUNDLE_IDENTIFIER = com.angela.LinkedHouse;
				PRODUCT_NAME = "$(TARGET_NAME)";
				SWIFT_VERSION = 5.0;
				TARGETED_DEVICE_FAMILY = "1,2";
			};
			name = Debug;
		};
		0B84B06D244BA0C6005D9E01 /* Release */ = {
			isa = XCBuildConfiguration;
			baseConfigurationReference = 8F26C2ECC7B24507811BBC21 /* Pods-LinkedHouse.release.xcconfig */;
			buildSettings = {
				ASSETCATALOG_COMPILER_APPICON_NAME = AppIcon;
				CODE_SIGN_STYLE = Automatic;
				INFOPLIST_FILE = LinkedHouse/Info.plist;
				LD_RUNPATH_SEARCH_PATHS = (
					"$(inherited)",
					"@executable_path/Frameworks",
				);
				PRODUCT_BUNDLE_IDENTIFIER = com.angela.LinkedHouse;
				PRODUCT_NAME = "$(TARGET_NAME)";
				SWIFT_VERSION = 5.0;
				TARGETED_DEVICE_FAMILY = "1,2";
			};
			name = Release;
		};
		0B84B06F244BA0C6005D9E01 /* Debug */ = {
			isa = XCBuildConfiguration;
			baseConfigurationReference = 7833B1815A09B5823223118C /* Pods-LinkedHouseTests.debug.xcconfig */;
			buildSettings = {
				ALWAYS_EMBED_SWIFT_STANDARD_LIBRARIES = YES;
				BUNDLE_LOADER = "$(TEST_HOST)";
				CODE_SIGN_STYLE = Automatic;
				INFOPLIST_FILE = LinkedHouseTests/Info.plist;
				IPHONEOS_DEPLOYMENT_TARGET = 13.2;
				LD_RUNPATH_SEARCH_PATHS = (
					"$(inherited)",
					"@executable_path/Frameworks",
					"@loader_path/Frameworks",
				);
				PRODUCT_BUNDLE_IDENTIFIER = com.angela.LinkedHouseTests;
				PRODUCT_NAME = "$(TARGET_NAME)";
				SWIFT_VERSION = 5.0;
				TARGETED_DEVICE_FAMILY = "1,2";
				TEST_HOST = "$(BUILT_PRODUCTS_DIR)/LinkedHouse.app/LinkedHouse";
			};
			name = Debug;
		};
		0B84B070244BA0C6005D9E01 /* Release */ = {
			isa = XCBuildConfiguration;
			baseConfigurationReference = F0CFD1299C7039A11EAD1142 /* Pods-LinkedHouseTests.release.xcconfig */;
			buildSettings = {
				ALWAYS_EMBED_SWIFT_STANDARD_LIBRARIES = YES;
				BUNDLE_LOADER = "$(TEST_HOST)";
				CODE_SIGN_STYLE = Automatic;
				INFOPLIST_FILE = LinkedHouseTests/Info.plist;
				IPHONEOS_DEPLOYMENT_TARGET = 13.2;
				LD_RUNPATH_SEARCH_PATHS = (
					"$(inherited)",
					"@executable_path/Frameworks",
					"@loader_path/Frameworks",
				);
				PRODUCT_BUNDLE_IDENTIFIER = com.angela.LinkedHouseTests;
				PRODUCT_NAME = "$(TARGET_NAME)";
				SWIFT_VERSION = 5.0;
				TARGETED_DEVICE_FAMILY = "1,2";
				TEST_HOST = "$(BUILT_PRODUCTS_DIR)/LinkedHouse.app/LinkedHouse";
			};
			name = Release;
		};
		0B84B072244BA0C6005D9E01 /* Debug */ = {
			isa = XCBuildConfiguration;
			baseConfigurationReference = C407D277C0FDC91D26FC8492 /* Pods-LinkedHouse-LinkedHouseUITests.debug.xcconfig */;
			buildSettings = {
				ALWAYS_EMBED_SWIFT_STANDARD_LIBRARIES = YES;
				CODE_SIGN_STYLE = Automatic;
				INFOPLIST_FILE = LinkedHouseUITests/Info.plist;
				LD_RUNPATH_SEARCH_PATHS = (
					"$(inherited)",
					"@executable_path/Frameworks",
					"@loader_path/Frameworks",
				);
				PRODUCT_BUNDLE_IDENTIFIER = com.angela.LinkedHouseUITests;
				PRODUCT_NAME = "$(TARGET_NAME)";
				SWIFT_VERSION = 5.0;
				TARGETED_DEVICE_FAMILY = "1,2";
				TEST_TARGET_NAME = LinkedHouse;
			};
			name = Debug;
		};
		0B84B073244BA0C6005D9E01 /* Release */ = {
			isa = XCBuildConfiguration;
			baseConfigurationReference = DBEDEACAFF6616426ECA7A91 /* Pods-LinkedHouse-LinkedHouseUITests.release.xcconfig */;
			buildSettings = {
				ALWAYS_EMBED_SWIFT_STANDARD_LIBRARIES = YES;
				CODE_SIGN_STYLE = Automatic;
				INFOPLIST_FILE = LinkedHouseUITests/Info.plist;
				LD_RUNPATH_SEARCH_PATHS = (
					"$(inherited)",
					"@executable_path/Frameworks",
					"@loader_path/Frameworks",
				);
				PRODUCT_BUNDLE_IDENTIFIER = com.angela.LinkedHouseUITests;
				PRODUCT_NAME = "$(TARGET_NAME)";
				SWIFT_VERSION = 5.0;
				TARGETED_DEVICE_FAMILY = "1,2";
				TEST_TARGET_NAME = LinkedHouse;
			};
			name = Release;
		};
/* End XCBuildConfiguration section */

/* Begin XCConfigurationList section */
		0B84B03C244BA0C0005D9E01 /* Build configuration list for PBXProject "LinkedHouse" */ = {
			isa = XCConfigurationList;
			buildConfigurations = (
				0B84B069244BA0C6005D9E01 /* Debug */,
				0B84B06A244BA0C6005D9E01 /* Release */,
			);
			defaultConfigurationIsVisible = 0;
			defaultConfigurationName = Release;
		};
		0B84B06B244BA0C6005D9E01 /* Build configuration list for PBXNativeTarget "LinkedHouse" */ = {
			isa = XCConfigurationList;
			buildConfigurations = (
				0B84B06C244BA0C6005D9E01 /* Debug */,
				0B84B06D244BA0C6005D9E01 /* Release */,
			);
			defaultConfigurationIsVisible = 0;
			defaultConfigurationName = Release;
		};
		0B84B06E244BA0C6005D9E01 /* Build configuration list for PBXNativeTarget "LinkedHouseTests" */ = {
			isa = XCConfigurationList;
			buildConfigurations = (
				0B84B06F244BA0C6005D9E01 /* Debug */,
				0B84B070244BA0C6005D9E01 /* Release */,
			);
			defaultConfigurationIsVisible = 0;
			defaultConfigurationName = Release;
		};
		0B84B071244BA0C6005D9E01 /* Build configuration list for PBXNativeTarget "LinkedHouseUITests" */ = {
			isa = XCConfigurationList;
			buildConfigurations = (
				0B84B072244BA0C6005D9E01 /* Debug */,
				0B84B073244BA0C6005D9E01 /* Release */,
			);
			defaultConfigurationIsVisible = 0;
			defaultConfigurationName = Release;
		};
/* End XCConfigurationList section */
	};
	rootObject = 0B84B039244BA0C0005D9E01 /* Project object */;
}
